
Microsoft Visual Studio Solution File, Format Version 12.00
# Visual Studio Version 16
VisualStudioVersion = 16.0.29020.237
MinimumVisualStudioVersion = 10.0.40219.1
Project("{FAE04EC0-301F-11D3-BF4B-00C04F79EFBC}") = "LRRoguelike", "LRRoguelike\LRRoguelike.csproj", "{0ADF05DF-5B5E-41F2-BAA4-1FCE71E59B8B}"
EndProject
Global
	GlobalSection(SolutionConfigurationPlatforms) = preSolution
		Debug|Any CPU = Debug|Any CPU
		Release|Any CPU = Release|Any CPU
	EndGlobalSection
	GlobalSection(ProjectConfigurationPlatforms) = postSolution
		{0ADF05DF-5B5E-41F2-BAA4-1FCE71E59B8B}.Debug|Any CPU.ActiveCfg = Debug|Any CPU
		{0ADF05DF-5B5E-41F2-BAA4-1FCE71E59B8B}.Debug|Any CPU.Build.0 = Debug|Any CPU
		{0ADF05DF-5B5E-41F2-BAA4-1FCE71E59B8B}.Release|Any CPU.ActiveCfg = Release|Any CPU
		{0ADF05DF-5B5E-41F2-BAA4-1FCE71E59B8B}.Release|Any CPU.Build.0 = Release|Any CPU
	EndGlobalSection
	GlobalSection(SolutionProperties) = preSolution
		HideSolutionNode = FALSE
	EndGlobalSection
	GlobalSection(ExtensibilityGlobals) = postSolution
		SolutionGuid = {9355F9B7-B257-4EDD-9899-B54F89C95354}
	EndGlobalSection
EndGlobal
